
Microsoft Visual Studio Solution File, Format Version 12.00
# Visual Studio Version 16
VisualStudioVersion = 16.0.31129.286
MinimumVisualStudioVersion = 10.0.40219.1
Project("{9A19103F-16F7-4668-BE54-9A1E7A4F7556}") = "GroupBy.Data", "GroupBy.Data\GroupBy.Data.csproj", "{28FA5058-039C-4F6B-80C1-0D3B6471B82E}"
EndProject
Project("{FAE04EC0-301F-11D3-BF4B-00C04F79EFBC}") = "GroupBy.Web", "GroupBy.Web\GroupBy.Web.csproj", "{264456F6-7461-4C5D-A582-F433D10F1FF7}"
EndProject
Global
	GlobalSection(SolutionConfigurationPlatforms) = preSolution
		Debug|Any CPU = Debug|Any CPU
		Release|Any CPU = Release|Any CPU
	EndGlobalSection
	GlobalSection(ProjectConfigurationPlatforms) = postSolution
		{28FA5058-039C-4F6B-80C1-0D3B6471B82E}.Debug|Any CPU.ActiveCfg = Debug|Any CPU
		{28FA5058-039C-4F6B-80C1-0D3B6471B82E}.Debug|Any CPU.Build.0 = Debug|Any CPU
		{28FA5058-039C-4F6B-80C1-0D3B6471B82E}.Release|Any CPU.ActiveCfg = Release|Any CPU
		{28FA5058-039C-4F6B-80C1-0D3B6471B82E}.Release|Any CPU.Build.0 = Release|Any CPU
		{264456F6-7461-4C5D-A582-F433D10F1FF7}.Debug|Any CPU.ActiveCfg = Debug|Any CPU
		{264456F6-7461-4C5D-A582-F433D10F1FF7}.Debug|Any CPU.Build.0 = Debug|Any CPU
		{264456F6-7461-4C5D-A582-F433D10F1FF7}.Release|Any CPU.ActiveCfg = Release|Any CPU
		{264456F6-7461-4C5D-A582-F433D10F1FF7}.Release|Any CPU.Build.0 = Release|Any CPU
	EndGlobalSection
	GlobalSection(SolutionProperties) = preSolution
		HideSolutionNode = FALSE
	EndGlobalSection
	GlobalSection(ExtensibilityGlobals) = postSolution
		SolutionGuid = {CAC75E78-3A56-4218-96FC-453C2AAD9593}
	EndGlobalSection
EndGlobal
