
Microsoft Visual Studio Solution File, Format Version 12.00
# Visual Studio Version 16
VisualStudioVersion = 16.0.31129.286
MinimumVisualStudioVersion = 10.0.40219.1
Project("{9A19103F-16F7-4668-BE54-9A1E7A4F7556}") = "GroupBy.Web.API", "GroupBy.Web.API\GroupBy.Web.API.csproj", "{CE579D29-53A1-4BAB-93BF-87E3482FC724}"
EndProject
Project("{FAE04EC0-301F-11D3-BF4B-00C04F79EFBC}") = "GroupBy.Domain", "GroupBy.Core\GroupBy.Domain.csproj", "{EBF1F597-42C0-417B-B278-41B951CDA2FC}"
EndProject
Project("{FAE04EC0-301F-11D3-BF4B-00C04F79EFBC}") = "GroupBy.Data", "GroupBy.Infrastructure\GroupBy.Data.csproj", "{11B036CF-FF46-438A-8408-574C01848186}"
EndProject
Project("{2150E333-8FDC-42A3-9474-1A3956D46DE8}") = "Core", "Core", "{777F8ADF-2968-46CF-8EDF-4683462FF4B8}"
EndProject
Project("{2150E333-8FDC-42A3-9474-1A3956D46DE8}") = "API", "API", "{CAB66799-93FA-4B93-A09B-725114F848FD}"
EndProject
Project("{2150E333-8FDC-42A3-9474-1A3956D46DE8}") = "Infrastructure", "Infrastructure", "{CE1E7E33-ADF7-4968-A12C-83E4C65C44B2}"
EndProject
Project("{2150E333-8FDC-42A3-9474-1A3956D46DE8}") = "UI", "UI", "{1A665500-428B-49E1-8D3D-D94A74F4A5B0}"
EndProject
Project("{FAE04EC0-301F-11D3-BF4B-00C04F79EFBC}") = "GroupBy.Application", "GroupBy.Application\GroupBy.Application.csproj", "{C98A23DF-4A93-4070-89B5-1953D6400BD3}"
EndProject
Global
	GlobalSection(SolutionConfigurationPlatforms) = preSolution
		Debug|Any CPU = Debug|Any CPU
		Release|Any CPU = Release|Any CPU
	EndGlobalSection
	GlobalSection(ProjectConfigurationPlatforms) = postSolution
		{CE579D29-53A1-4BAB-93BF-87E3482FC724}.Debug|Any CPU.ActiveCfg = Debug|Any CPU
		{CE579D29-53A1-4BAB-93BF-87E3482FC724}.Debug|Any CPU.Build.0 = Debug|Any CPU
		{CE579D29-53A1-4BAB-93BF-87E3482FC724}.Release|Any CPU.ActiveCfg = Release|Any CPU
		{CE579D29-53A1-4BAB-93BF-87E3482FC724}.Release|Any CPU.Build.0 = Release|Any CPU
		{EBF1F597-42C0-417B-B278-41B951CDA2FC}.Debug|Any CPU.ActiveCfg = Debug|Any CPU
		{EBF1F597-42C0-417B-B278-41B951CDA2FC}.Debug|Any CPU.Build.0 = Debug|Any CPU
		{EBF1F597-42C0-417B-B278-41B951CDA2FC}.Release|Any CPU.ActiveCfg = Release|Any CPU
		{EBF1F597-42C0-417B-B278-41B951CDA2FC}.Release|Any CPU.Build.0 = Release|Any CPU
		{11B036CF-FF46-438A-8408-574C01848186}.Debug|Any CPU.ActiveCfg = Debug|Any CPU
		{11B036CF-FF46-438A-8408-574C01848186}.Debug|Any CPU.Build.0 = Debug|Any CPU
		{11B036CF-FF46-438A-8408-574C01848186}.Release|Any CPU.ActiveCfg = Release|Any CPU
		{11B036CF-FF46-438A-8408-574C01848186}.Release|Any CPU.Build.0 = Release|Any CPU
		{C98A23DF-4A93-4070-89B5-1953D6400BD3}.Debug|Any CPU.ActiveCfg = Debug|Any CPU
		{C98A23DF-4A93-4070-89B5-1953D6400BD3}.Debug|Any CPU.Build.0 = Debug|Any CPU
		{C98A23DF-4A93-4070-89B5-1953D6400BD3}.Release|Any CPU.ActiveCfg = Release|Any CPU
		{C98A23DF-4A93-4070-89B5-1953D6400BD3}.Release|Any CPU.Build.0 = Release|Any CPU
	EndGlobalSection
	GlobalSection(SolutionProperties) = preSolution
		HideSolutionNode = FALSE
	EndGlobalSection
	GlobalSection(NestedProjects) = preSolution
		{CE579D29-53A1-4BAB-93BF-87E3482FC724} = {CAB66799-93FA-4B93-A09B-725114F848FD}
		{EBF1F597-42C0-417B-B278-41B951CDA2FC} = {777F8ADF-2968-46CF-8EDF-4683462FF4B8}
		{11B036CF-FF46-438A-8408-574C01848186} = {CE1E7E33-ADF7-4968-A12C-83E4C65C44B2}
		{C98A23DF-4A93-4070-89B5-1953D6400BD3} = {777F8ADF-2968-46CF-8EDF-4683462FF4B8}
	EndGlobalSection
	GlobalSection(ExtensibilityGlobals) = postSolution
		SolutionGuid = {CAC75E78-3A56-4218-96FC-453C2AAD9593}
	EndGlobalSection
EndGlobal
